// !$*UTF8*$!
{
	archiveVersion = 1;
	classes = {
	};
	objectVersion = 46;
	objects = {

/* Begin PBXBuildFile section */
		69466D521D26A70D0084EBDC /* User.swift in Sources */ = {isa = PBXBuildFile; fileRef = 69466D511D26A70D0084EBDC /* User.swift */; };
		69466D541D26B18B0084EBDC /* SingUpUserViewController.swift in Sources */ = {isa = PBXBuildFile; fileRef = 69466D531D26B18B0084EBDC /* SingUpUserViewController.swift */; };
		69466D561D26B5000084EBDC /* LogInViewController.swift in Sources */ = {isa = PBXBuildFile; fileRef = 69466D551D26B5000084EBDC /* LogInViewController.swift */; };
		69B8F8801D24C16300800A89 /* AppDelegate.swift in Sources */ = {isa = PBXBuildFile; fileRef = 69B8F87F1D24C16300800A89 /* AppDelegate.swift */; };
		69B8F8851D24C16300800A89 /* Main.storyboard in Resources */ = {isa = PBXBuildFile; fileRef = 69B8F8831D24C16300800A89 /* Main.storyboard */; };
		69B8F8871D24C16300800A89 /* Assets.xcassets in Resources */ = {isa = PBXBuildFile; fileRef = 69B8F8861D24C16300800A89 /* Assets.xcassets */; };
		69B8F88A1D24C16300800A89 /* LaunchScreen.storyboard in Resources */ = {isa = PBXBuildFile; fileRef = 69B8F8881D24C16300800A89 /* LaunchScreen.storyboard */; };
		69B8F8921D24C70000800A89 /* Keys.swift in Sources */ = {isa = PBXBuildFile; fileRef = 69B8F8911D24C70000800A89 /* Keys.swift */; };
		69B8F8951D24CA4300800A89 /* Day.swift in Sources */ = {isa = PBXBuildFile; fileRef = 69B8F8941D24CA4300800A89 /* Day.swift */; };
		69B8F8971D24D54800800A89 /* DayTableViewController.swift in Sources */ = {isa = PBXBuildFile; fileRef = 69B8F8961D24D54800800A89 /* DayTableViewController.swift */; };
		7F785A0B877A673C5B9EFE60 /* Pods_Progresso.framework in Frameworks */ = {isa = PBXBuildFile; fileRef = 35D7FC02F8F0AA8E5A2E5648 /* Pods_Progresso.framework */; };
/* End PBXBuildFile section */

/* Begin PBXFileReference section */
		35D7FC02F8F0AA8E5A2E5648 /* Pods_Progresso.framework */ = {isa = PBXFileReference; explicitFileType = wrapper.framework; includeInIndex = 0; path = Pods_Progresso.framework; sourceTree = BUILT_PRODUCTS_DIR; };
		4358E8C5A0B9A2E1BF6C6C63 /* Pods-Progresso.debug.xcconfig */ = {isa = PBXFileReference; includeInIndex = 1; lastKnownFileType = text.xcconfig; name = "Pods-Progresso.debug.xcconfig"; path = "Pods/Target Support Files/Pods-Progresso/Pods-Progresso.debug.xcconfig"; sourceTree = "<group>"; };
		69466D511D26A70D0084EBDC /* User.swift */ = {isa = PBXFileReference; fileEncoding = 4; lastKnownFileType = sourcecode.swift; path = User.swift; sourceTree = "<group>"; };
		69466D531D26B18B0084EBDC /* SingUpUserViewController.swift */ = {isa = PBXFileReference; fileEncoding = 4; lastKnownFileType = sourcecode.swift; path = SingUpUserViewController.swift; sourceTree = "<group>"; };
		69466D551D26B5000084EBDC /* LogInViewController.swift */ = {isa = PBXFileReference; fileEncoding = 4; lastKnownFileType = sourcecode.swift; path = LogInViewController.swift; sourceTree = "<group>"; };
		69B8F87C1D24C16200800A89 /* Progresso.app */ = {isa = PBXFileReference; explicitFileType = wrapper.application; includeInIndex = 0; path = Progresso.app; sourceTree = BUILT_PRODUCTS_DIR; };
		69B8F87F1D24C16300800A89 /* AppDelegate.swift */ = {isa = PBXFileReference; lastKnownFileType = sourcecode.swift; path = AppDelegate.swift; sourceTree = "<group>"; };
		69B8F8841D24C16300800A89 /* Base */ = {isa = PBXFileReference; lastKnownFileType = file.storyboard; name = Base; path = Base.lproj/Main.storyboard; sourceTree = "<group>"; };
		69B8F8861D24C16300800A89 /* Assets.xcassets */ = {isa = PBXFileReference; lastKnownFileType = folder.assetcatalog; path = Assets.xcassets; sourceTree = "<group>"; };
		69B8F8891D24C16300800A89 /* Base */ = {isa = PBXFileReference; lastKnownFileType = file.storyboard; name = Base; path = Base.lproj/LaunchScreen.storyboard; sourceTree = "<group>"; };
		69B8F88B1D24C16300800A89 /* Info.plist */ = {isa = PBXFileReference; lastKnownFileType = text.plist.xml; path = Info.plist; sourceTree = "<group>"; };
		69B8F8911D24C70000800A89 /* Keys.swift */ = {isa = PBXFileReference; fileEncoding = 4; lastKnownFileType = sourcecode.swift; path = Keys.swift; sourceTree = "<group>"; };
		69B8F8931D24C7EE00800A89 /* BridgingHeader.h */ = {isa = PBXFileReference; lastKnownFileType = sourcecode.c.h; path = BridgingHeader.h; sourceTree = "<group>"; };
		69B8F8941D24CA4300800A89 /* Day.swift */ = {isa = PBXFileReference; fileEncoding = 4; lastKnownFileType = sourcecode.swift; path = Day.swift; sourceTree = "<group>"; };
		69B8F8961D24D54800800A89 /* DayTableViewController.swift */ = {isa = PBXFileReference; fileEncoding = 4; lastKnownFileType = sourcecode.swift; path = DayTableViewController.swift; sourceTree = "<group>"; };
		A65A7C634F202D3D69F54267 /* Pods-Progresso.release.xcconfig */ = {isa = PBXFileReference; includeInIndex = 1; lastKnownFileType = text.xcconfig; name = "Pods-Progresso.release.xcconfig"; path = "Pods/Target Support Files/Pods-Progresso/Pods-Progresso.release.xcconfig"; sourceTree = "<group>"; };
/* End PBXFileReference section */

/* Begin PBXFrameworksBuildPhase section */
		69B8F8791D24C16100800A89 /* Frameworks */ = {
			isa = PBXFrameworksBuildPhase;
			buildActionMask = 2147483647;
			files = (
				7F785A0B877A673C5B9EFE60 /* Pods_Progresso.framework in Frameworks */,
			);
			runOnlyForDeploymentPostprocessing = 0;
		};
/* End PBXFrameworksBuildPhase section */

/* Begin PBXGroup section */
		403B76F7D6CB92964E8CFB7E /* Pods */ = {
			isa = PBXGroup;
			children = (
				69B8F8931D24C7EE00800A89 /* BridgingHeader.h */,
				4358E8C5A0B9A2E1BF6C6C63 /* Pods-Progresso.debug.xcconfig */,
				A65A7C634F202D3D69F54267 /* Pods-Progresso.release.xcconfig */,
			);
			name = Pods;
			sourceTree = "<group>";
		};
		47A974DA3D9AD4ABF83C8001 /* Frameworks */ = {
			isa = PBXGroup;
			children = (
				35D7FC02F8F0AA8E5A2E5648 /* Pods_Progresso.framework */,
			);
			name = Frameworks;
			sourceTree = "<group>";
		};
		69B8F8731D24C16100800A89 = {
			isa = PBXGroup;
			children = (
				69B8F87E1D24C16300800A89 /* Progresso */,
				69B8F87D1D24C16200800A89 /* Products */,
				403B76F7D6CB92964E8CFB7E /* Pods */,
				47A974DA3D9AD4ABF83C8001 /* Frameworks */,
			);
			sourceTree = "<group>";
		};
		69B8F87D1D24C16200800A89 /* Products */ = {
			isa = PBXGroup;
			children = (
				69B8F87C1D24C16200800A89 /* Progresso.app */,
			);
			name = Products;
			sourceTree = "<group>";
		};
		69B8F87E1D24C16300800A89 /* Progresso */ = {
			isa = PBXGroup;
			children = (
				69B8F89A1D24E57500800A89 /* Controller */,
				69B8F8991D24E56F00800A89 /* View */,
				69B8F8981D24E56900800A89 /* Model */,
				69B8F87F1D24C16300800A89 /* AppDelegate.swift */,
				69B8F8861D24C16300800A89 /* Assets.xcassets */,
				69B8F88B1D24C16300800A89 /* Info.plist */,
			);
			path = Progresso;
			sourceTree = "<group>";
		};
		69B8F8981D24E56900800A89 /* Model */ = {
			isa = PBXGroup;
			children = (
				69B8F8941D24CA4300800A89 /* Day.swift */,
				69466D511D26A70D0084EBDC /* User.swift */,
			);
			name = Model;
			sourceTree = "<group>";
		};
		69B8F8991D24E56F00800A89 /* View */ = {
			isa = PBXGroup;
			children = (
				69B8F8911D24C70000800A89 /* Keys.swift */,
				69B8F8831D24C16300800A89 /* Main.storyboard */,
				69B8F8881D24C16300800A89 /* LaunchScreen.storyboard */,
			);
			name = View;
			sourceTree = "<group>";
		};
		69B8F89A1D24E57500800A89 /* Controller */ = {
			isa = PBXGroup;
			children = (
				69B8F8961D24D54800800A89 /* DayTableViewController.swift */,
				69466D531D26B18B0084EBDC /* SingUpUserViewController.swift */,
				69466D551D26B5000084EBDC /* LogInViewController.swift */,
			);
			name = Controller;
			sourceTree = "<group>";
		};
/* End PBXGroup section */

/* Begin PBXNativeTarget section */
		69B8F87B1D24C16100800A89 /* Progresso */ = {
			isa = PBXNativeTarget;
			buildConfigurationList = 69B8F88E1D24C16300800A89 /* Build configuration list for PBXNativeTarget "Progresso" */;
			buildPhases = (
				41BAB0885B1C07B7F52F05A2 /* 📦 Check Pods Manifest.lock */,
				69B8F8781D24C16100800A89 /* Sources */,
				69B8F8791D24C16100800A89 /* Frameworks */,
				69B8F87A1D24C16100800A89 /* Resources */,
				4E924F12F15E4BC542C5873D /* 📦 Embed Pods Frameworks */,
				5040370513427FCBCA53E9D7 /* 📦 Copy Pods Resources */,
			);
			buildRules = (
			);
			dependencies = (
			);
			name = Progresso;
			productName = Progresso;
			productReference = 69B8F87C1D24C16200800A89 /* Progresso.app */;
			productType = "com.apple.product-type.application";
		};
/* End PBXNativeTarget section */

/* Begin PBXProject section */
		69B8F8741D24C16100800A89 /* Project object */ = {
			isa = PBXProject;
			attributes = {
				LastSwiftUpdateCheck = 0730;
				LastUpgradeCheck = 0730;
				ORGANIZATIONNAME = robertoluizveigajunior;
				TargetAttributes = {
					69B8F87B1D24C16100800A89 = {
						CreatedOnToolsVersion = 7.3.1;
						DevelopmentTeam = R4275V7T5P;
					};
				};
			};
			buildConfigurationList = 69B8F8771D24C16100800A89 /* Build configuration list for PBXProject "Progresso" */;
			compatibilityVersion = "Xcode 3.2";
			developmentRegion = English;
			hasScannedForEncodings = 0;
			knownRegions = (
				en,
				Base,
			);
			mainGroup = 69B8F8731D24C16100800A89;
			productRefGroup = 69B8F87D1D24C16200800A89 /* Products */;
			projectDirPath = "";
			projectRoot = "";
			targets = (
				69B8F87B1D24C16100800A89 /* Progresso */,
			);
		};
/* End PBXProject section */

/* Begin PBXResourcesBuildPhase section */
		69B8F87A1D24C16100800A89 /* Resources */ = {
			isa = PBXResourcesBuildPhase;
			buildActionMask = 2147483647;
			files = (
				69B8F88A1D24C16300800A89 /* LaunchScreen.storyboard in Resources */,
				69B8F8871D24C16300800A89 /* Assets.xcassets in Resources */,
				69B8F8851D24C16300800A89 /* Main.storyboard in Resources */,
			);
			runOnlyForDeploymentPostprocessing = 0;
		};
/* End PBXResourcesBuildPhase section */

/* Begin PBXShellScriptBuildPhase section */
		41BAB0885B1C07B7F52F05A2 /* 📦 Check Pods Manifest.lock */ = {
			isa = PBXShellScriptBuildPhase;
			buildActionMask = 2147483647;
			files = (
			);
			inputPaths = (
			);
			name = "📦 Check Pods Manifest.lock";
			outputPaths = (
			);
			runOnlyForDeploymentPostprocessing = 0;
			shellPath = /bin/sh;
			shellScript = "diff \"${PODS_ROOT}/../Podfile.lock\" \"${PODS_ROOT}/Manifest.lock\" > /dev/null\nif [[ $? != 0 ]] ; then\n    cat << EOM\nerror: The sandbox is not in sync with the Podfile.lock. Run 'pod install' or update your CocoaPods installation.\nEOM\n    exit 1\nfi\n";
			showEnvVarsInLog = 0;
		};
		4E924F12F15E4BC542C5873D /* 📦 Embed Pods Frameworks */ = {
			isa = PBXShellScriptBuildPhase;
			buildActionMask = 2147483647;
			files = (
			);
			inputPaths = (
			);
			name = "📦 Embed Pods Frameworks";
			outputPaths = (
			);
			runOnlyForDeploymentPostprocessing = 0;
			shellPath = /bin/sh;
			shellScript = "\"${SRCROOT}/Pods/Target Support Files/Pods-Progresso/Pods-Progresso-frameworks.sh\"\n";
			showEnvVarsInLog = 0;
		};
		5040370513427FCBCA53E9D7 /* 📦 Copy Pods Resources */ = {
			isa = PBXShellScriptBuildPhase;
			buildActionMask = 2147483647;
			files = (
			);
			inputPaths = (
			);
			name = "📦 Copy Pods Resources";
			outputPaths = (
			);
			runOnlyForDeploymentPostprocessing = 0;
			shellPath = /bin/sh;
			shellScript = "\"${SRCROOT}/Pods/Target Support Files/Pods-Progresso/Pods-Progresso-resources.sh\"\n";
			showEnvVarsInLog = 0;
		};
/* End PBXShellScriptBuildPhase section */

/* Begin PBXSourcesBuildPhase section */
		69B8F8781D24C16100800A89 /* Sources */ = {
			isa = PBXSourcesBuildPhase;
			buildActionMask = 2147483647;
			files = (
				69B8F8921D24C70000800A89 /* Keys.swift in Sources */,
				69B8F8951D24CA4300800A89 /* Day.swift in Sources */,
				69B8F8801D24C16300800A89 /* AppDelegate.swift in Sources */,
				69466D561D26B5000084EBDC /* LogInViewController.swift in Sources */,
				69466D541D26B18B0084EBDC /* SingUpUserViewController.swift in Sources */,
				69466D521D26A70D0084EBDC /* User.swift in Sources */,
				69B8F8971D24D54800800A89 /* DayTableViewController.swift in Sources */,
			);
			runOnlyForDeploymentPostprocessing = 0;
		};
/* End PBXSourcesBuildPhase section */

/* Begin PBXVariantGroup section */
		69B8F8831D24C16300800A89 /* Main.storyboard */ = {
			isa = PBXVariantGroup;
			children = (
				69B8F8841D24C16300800A89 /* Base */,
			);
			name = Main.storyboard;
			sourceTree = "<group>";
		};
		69B8F8881D24C16300800A89 /* LaunchScreen.storyboard */ = {
			isa = PBXVariantGroup;
			children = (
				69B8F8891D24C16300800A89 /* Base */,
			);
			name = LaunchScreen.storyboard;
			sourceTree = "<group>";
		};
/* End PBXVariantGroup section */

/* Begin XCBuildConfiguration section */
		69B8F88C1D24C16300800A89 /* Debug */ = {
			isa = XCBuildConfiguration;
			buildSettings = {
				ALWAYS_SEARCH_USER_PATHS = NO;
				CLANG_ANALYZER_NONNULL = YES;
				CLANG_CXX_LANGUAGE_STANDARD = "gnu++0x";
				CLANG_CXX_LIBRARY = "libc++";
				CLANG_ENABLE_MODULES = YES;
				CLANG_ENABLE_OBJC_ARC = YES;
				CLANG_WARN_BOOL_CONVERSION = YES;
				CLANG_WARN_CONSTANT_CONVERSION = YES;
				CLANG_WARN_DIRECT_OBJC_ISA_USAGE = YES_ERROR;
				CLANG_WARN_EMPTY_BODY = YES;
				CLANG_WARN_ENUM_CONVERSION = YES;
				CLANG_WARN_INT_CONVERSION = YES;
				CLANG_WARN_OBJC_ROOT_CLASS = YES_ERROR;
				CLANG_WARN_UNREACHABLE_CODE = YES;
				CLANG_WARN__DUPLICATE_METHOD_MATCH = YES;
				"CODE_SIGN_IDENTITY[sdk=iphoneos*]" = "iPhone Developer";
				COPY_PHASE_STRIP = NO;
				DEBUG_INFORMATION_FORMAT = dwarf;
				ENABLE_STRICT_OBJC_MSGSEND = YES;
				ENABLE_TESTABILITY = YES;
				GCC_C_LANGUAGE_STANDARD = gnu99;
				GCC_DYNAMIC_NO_PIC = NO;
				GCC_NO_COMMON_BLOCKS = YES;
				GCC_OPTIMIZATION_LEVEL = 0;
				GCC_PREPROCESSOR_DEFINITIONS = (
					"DEBUG=1",
					"$(inherited)",
				);
				GCC_WARN_64_TO_32_BIT_CONVERSION = YES;
				GCC_WARN_ABOUT_RETURN_TYPE = YES_ERROR;
				GCC_WARN_UNDECLARED_SELECTOR = YES;
				GCC_WARN_UNINITIALIZED_AUTOS = YES_AGGRESSIVE;
				GCC_WARN_UNUSED_FUNCTION = YES;
				GCC_WARN_UNUSED_VARIABLE = YES;
				IPHONEOS_DEPLOYMENT_TARGET = 9.3;
				MTL_ENABLE_DEBUG_INFO = YES;
				ONLY_ACTIVE_ARCH = YES;
				SDKROOT = iphoneos;
				SWIFT_OPTIMIZATION_LEVEL = "-Onone";
				TARGETED_DEVICE_FAMILY = "1,2";
			};
			name = Debug;
		};
		69B8F88D1D24C16300800A89 /* Release */ = {
			isa = XCBuildConfiguration;
			buildSettings = {
				ALWAYS_SEARCH_USER_PATHS = NO;
				CLANG_ANALYZER_NONNULL = YES;
				CLANG_CXX_LANGUAGE_STANDARD = "gnu++0x";
				CLANG_CXX_LIBRARY = "libc++";
				CLANG_ENABLE_MODULES = YES;
				CLANG_ENABLE_OBJC_ARC = YES;
				CLANG_WARN_BOOL_CONVERSION = YES;
				CLANG_WARN_CONSTANT_CONVERSION = YES;
				CLANG_WARN_DIRECT_OBJC_ISA_USAGE = YES_ERROR;
				CLANG_WARN_EMPTY_BODY = YES;
				CLANG_WARN_ENUM_CONVERSION = YES;
				CLANG_WARN_INT_CONVERSION = YES;
				CLANG_WARN_OBJC_ROOT_CLASS = YES_ERROR;
				CLANG_WARN_UNREACHABLE_CODE = YES;
				CLANG_WARN__DUPLICATE_METHOD_MATCH = YES;
				"CODE_SIGN_IDENTITY[sdk=iphoneos*]" = "iPhone Developer";
				COPY_PHASE_STRIP = NO;
				DEBUG_INFORMATION_FORMAT = "dwarf-with-dsym";
				ENABLE_NS_ASSERTIONS = NO;
				ENABLE_STRICT_OBJC_MSGSEND = YES;
				GCC_C_LANGUAGE_STANDARD = gnu99;
				GCC_NO_COMMON_BLOCKS = YES;
				GCC_WARN_64_TO_32_BIT_CONVERSION = YES;
				GCC_WARN_ABOUT_RETURN_TYPE = YES_ERROR;
				GCC_WARN_UNDECLARED_SELECTOR = YES;
				GCC_WARN_UNINITIALIZED_AUTOS = YES_AGGRESSIVE;
				GCC_WARN_UNUSED_FUNCTION = YES;
				GCC_WARN_UNUSED_VARIABLE = YES;
				IPHONEOS_DEPLOYMENT_TARGET = 9.3;
				MTL_ENABLE_DEBUG_INFO = NO;
				SDKROOT = iphoneos;
				TARGETED_DEVICE_FAMILY = "1,2";
				VALIDATE_PRODUCT = YES;
			};
			name = Release;
		};
		69B8F88F1D24C16300800A89 /* Debug */ = {
			isa = XCBuildConfiguration;
			baseConfigurationReference = 4358E8C5A0B9A2E1BF6C6C63 /* Pods-Progresso.debug.xcconfig */;
			buildSettings = {
				ASSETCATALOG_COMPILER_APPICON_NAME = AppIcon;
				CODE_SIGN_IDENTITY = "iPhone Developer";
				INFOPLIST_FILE = Progresso/Info.plist;
				LD_RUNPATH_SEARCH_PATHS = "$(inherited) @executable_path/Frameworks";
				PRODUCT_BUNDLE_IDENTIFIER = br.com.metasix.Progresso;
				PRODUCT_NAME = "$(TARGET_NAME)";
				SWIFT_OBJC_BRIDGING_HEADER = BridgingHeader.h;
			};
			name = Debug;
		};
		69B8F8901D24C16300800A89 /* Release */ = {
			isa = XCBuildConfiguration;
			baseConfigurationReference = A65A7C634F202D3D69F54267 /* Pods-Progresso.release.xcconfig */;
			buildSettings = {
				ASSETCATALOG_COMPILER_APPICON_NAME = AppIcon;
				CODE_SIGN_IDENTITY = "iPhone Developer";
				INFOPLIST_FILE = Progresso/Info.plist;
				LD_RUNPATH_SEARCH_PATHS = "$(inherited) @executable_path/Frameworks";
				PRODUCT_BUNDLE_IDENTIFIER = br.com.metasix.Progresso;
				PRODUCT_NAME = "$(TARGET_NAME)";
				SWIFT_OBJC_BRIDGING_HEADER = BridgingHeader.h;
			};
			name = Release;
		};
/* End XCBuildConfiguration section */

/* Begin XCConfigurationList section */
		69B8F8771D24C16100800A89 /* Build configuration list for PBXProject "Progresso" */ = {
			isa = XCConfigurationList;
			buildConfigurations = (
				69B8F88C1D24C16300800A89 /* Debug */,
				69B8F88D1D24C16300800A89 /* Release */,
			);
			defaultConfigurationIsVisible = 0;
			defaultConfigurationName = Release;
		};
		69B8F88E1D24C16300800A89 /* Build configuration list for PBXNativeTarget "Progresso" */ = {
			isa = XCConfigurationList;
			buildConfigurations = (
				69B8F88F1D24C16300800A89 /* Debug */,
				69B8F8901D24C16300800A89 /* Release */,
			);
			defaultConfigurationIsVisible = 0;
			defaultConfigurationName = Release;
		};
/* End XCConfigurationList section */
	};
	rootObject = 69B8F8741D24C16100800A89 /* Project object */;
}
